
Microsoft Visual Studio Solution File, Format Version 12.00
# Visual Studio Version 16
VisualStudioVersion = 16.0.30406.217
MinimumVisualStudioVersion = 10.0.40219.1
Project("{FAE04EC0-301F-11D3-BF4B-00C04F79EFBC}") = "MathPlus", "MathPlus\MathPlus.csproj", "{3B75E877-DB9C-4A9C-9C56-2ECDE73339D9}"
EndProject
Project("{FAE04EC0-301F-11D3-BF4B-00C04F79EFBC}") = "MathPlusTests", "MathPlusTests\MathPlusTests.csproj", "{BE44F7E1-3FF0-4C9B-898E-3D3CE6015D55}"
EndProject
Project("{FAE04EC0-301F-11D3-BF4B-00C04F79EFBC}") = "MathPlusTimeTests", "MathPlusTimeTests\MathPlusTimeTests.csproj", "{8CCD662F-D4B3-43B8-BA18-3F0C76C0525E}"
EndProject
Global
	GlobalSection(SolutionConfigurationPlatforms) = preSolution
		Debug|Any CPU = Debug|Any CPU
		Release|Any CPU = Release|Any CPU
	EndGlobalSection
	GlobalSection(ProjectConfigurationPlatforms) = postSolution
		{3B75E877-DB9C-4A9C-9C56-2ECDE73339D9}.Debug|Any CPU.ActiveCfg = Debug|Any CPU
		{3B75E877-DB9C-4A9C-9C56-2ECDE73339D9}.Debug|Any CPU.Build.0 = Debug|Any CPU
		{3B75E877-DB9C-4A9C-9C56-2ECDE73339D9}.Release|Any CPU.ActiveCfg = Release|Any CPU
		{3B75E877-DB9C-4A9C-9C56-2ECDE73339D9}.Release|Any CPU.Build.0 = Release|Any CPU
		{BE44F7E1-3FF0-4C9B-898E-3D3CE6015D55}.Debug|Any CPU.ActiveCfg = Debug|Any CPU
		{BE44F7E1-3FF0-4C9B-898E-3D3CE6015D55}.Debug|Any CPU.Build.0 = Debug|Any CPU
		{BE44F7E1-3FF0-4C9B-898E-3D3CE6015D55}.Release|Any CPU.ActiveCfg = Release|Any CPU
		{BE44F7E1-3FF0-4C9B-898E-3D3CE6015D55}.Release|Any CPU.Build.0 = Release|Any CPU
		{8CCD662F-D4B3-43B8-BA18-3F0C76C0525E}.Debug|Any CPU.ActiveCfg = Debug|Any CPU
		{8CCD662F-D4B3-43B8-BA18-3F0C76C0525E}.Debug|Any CPU.Build.0 = Debug|Any CPU
		{8CCD662F-D4B3-43B8-BA18-3F0C76C0525E}.Release|Any CPU.ActiveCfg = Release|Any CPU
		{8CCD662F-D4B3-43B8-BA18-3F0C76C0525E}.Release|Any CPU.Build.0 = Release|Any CPU
	EndGlobalSection
	GlobalSection(SolutionProperties) = preSolution
		HideSolutionNode = FALSE
	EndGlobalSection
	GlobalSection(ExtensibilityGlobals) = postSolution
		SolutionGuid = {A84AA2BC-5B67-4D6D-BEAD-F625E10F862E}
	EndGlobalSection
EndGlobal
